// !$*UTF8*$!
{
	archiveVersion = 1;
	classes = {
	};
	objectVersion = 48;
	objects = {

/* Begin PBXBuildFile section */
		2CED7820201A2A5C00224036 /* AppDelegate.swift in Sources */ = {isa = PBXBuildFile; fileRef = 2CED781F201A2A5C00224036 /* AppDelegate.swift */; };
		2CED7822201A2A5C00224036 /* ViewController.swift in Sources */ = {isa = PBXBuildFile; fileRef = 2CED7821201A2A5C00224036 /* ViewController.swift */; };
		2CED7825201A2A5C00224036 /* Main.storyboard in Resources */ = {isa = PBXBuildFile; fileRef = 2CED7823201A2A5C00224036 /* Main.storyboard */; };
		2CED7827201A2A5C00224036 /* Assets.xcassets in Resources */ = {isa = PBXBuildFile; fileRef = 2CED7826201A2A5C00224036 /* Assets.xcassets */; };
		2CED782A201A2A5C00224036 /* LaunchScreen.storyboard in Resources */ = {isa = PBXBuildFile; fileRef = 2CED7828201A2A5C00224036 /* LaunchScreen.storyboard */; };
		2CED7835201A2A5C00224036 /* notificationTests.swift in Sources */ = {isa = PBXBuildFile; fileRef = 2CED7834201A2A5C00224036 /* notificationTests.swift */; };
		2CED7840201A2A5C00224036 /* notificationUITests.swift in Sources */ = {isa = PBXBuildFile; fileRef = 2CED783F201A2A5C00224036 /* notificationUITests.swift */; };
/* End PBXBuildFile section */

/* Begin PBXContainerItemProxy section */
		2CED7831201A2A5C00224036 /* PBXContainerItemProxy */ = {
			isa = PBXContainerItemProxy;
			containerPortal = 2CED7814201A2A5B00224036 /* Project object */;
			proxyType = 1;
			remoteGlobalIDString = 2CED781B201A2A5C00224036;
			remoteInfo = notification;
		};
		2CED783C201A2A5C00224036 /* PBXContainerItemProxy */ = {
			isa = PBXContainerItemProxy;
			containerPortal = 2CED7814201A2A5B00224036 /* Project object */;
			proxyType = 1;
			remoteGlobalIDString = 2CED781B201A2A5C00224036;
			remoteInfo = notification;
		};
/* End PBXContainerItemProxy section */

/* Begin PBXFileReference section */
		2CED781C201A2A5C00224036 /* notification.app */ = {isa = PBXFileReference; explicitFileType = wrapper.application; includeInIndex = 0; path = notification.app; sourceTree = BUILT_PRODUCTS_DIR; };
		2CED781F201A2A5C00224036 /* AppDelegate.swift */ = {isa = PBXFileReference; lastKnownFileType = sourcecode.swift; path = AppDelegate.swift; sourceTree = "<group>"; };
		2CED7821201A2A5C00224036 /* ViewController.swift */ = {isa = PBXFileReference; lastKnownFileType = sourcecode.swift; path = ViewController.swift; sourceTree = "<group>"; };
		2CED7824201A2A5C00224036 /* Base */ = {isa = PBXFileReference; lastKnownFileType = file.storyboard; name = Base; path = Base.lproj/Main.storyboard; sourceTree = "<group>"; };
		2CED7826201A2A5C00224036 /* Assets.xcassets */ = {isa = PBXFileReference; lastKnownFileType = folder.assetcatalog; path = Assets.xcassets; sourceTree = "<group>"; };
		2CED7829201A2A5C00224036 /* Base */ = {isa = PBXFileReference; lastKnownFileType = file.storyboard; name = Base; path = Base.lproj/LaunchScreen.storyboard; sourceTree = "<group>"; };
		2CED782B201A2A5C00224036 /* Info.plist */ = {isa = PBXFileReference; lastKnownFileType = text.plist.xml; path = Info.plist; sourceTree = "<group>"; };
		2CED7830201A2A5C00224036 /* notificationTests.xctest */ = {isa = PBXFileReference; explicitFileType = wrapper.cfbundle; includeInIndex = 0; path = notificationTests.xctest; sourceTree = BUILT_PRODUCTS_DIR; };
		2CED7834201A2A5C00224036 /* notificationTests.swift */ = {isa = PBXFileReference; lastKnownFileType = sourcecode.swift; path = notificationTests.swift; sourceTree = "<group>"; };
		2CED7836201A2A5C00224036 /* Info.plist */ = {isa = PBXFileReference; lastKnownFileType = text.plist.xml; path = Info.plist; sourceTree = "<group>"; };
		2CED783B201A2A5C00224036 /* notificationUITests.xctest */ = {isa = PBXFileReference; explicitFileType = wrapper.cfbundle; includeInIndex = 0; path = notificationUITests.xctest; sourceTree = BUILT_PRODUCTS_DIR; };
		2CED783F201A2A5C00224036 /* notificationUITests.swift */ = {isa = PBXFileReference; lastKnownFileType = sourcecode.swift; path = notificationUITests.swift; sourceTree = "<group>"; };
		2CED7841201A2A5C00224036 /* Info.plist */ = {isa = PBXFileReference; lastKnownFileType = text.plist.xml; path = Info.plist; sourceTree = "<group>"; };
/* End PBXFileReference section */

/* Begin PBXFrameworksBuildPhase section */
		2CED7819201A2A5C00224036 /* Frameworks */ = {
			isa = PBXFrameworksBuildPhase;
			buildActionMask = 2147483647;
			files = (
			);
			runOnlyForDeploymentPostprocessing = 0;
		};
		2CED782D201A2A5C00224036 /* Frameworks */ = {
			isa = PBXFrameworksBuildPhase;
			buildActionMask = 2147483647;
			files = (
			);
			runOnlyForDeploymentPostprocessing = 0;
		};
		2CED7838201A2A5C00224036 /* Frameworks */ = {
			isa = PBXFrameworksBuildPhase;
			buildActionMask = 2147483647;
			files = (
			);
			runOnlyForDeploymentPostprocessing = 0;
		};
/* End PBXFrameworksBuildPhase section */

/* Begin PBXGroup section */
		2CED7813201A2A5B00224036 = {
			isa = PBXGroup;
			children = (
				2CED781E201A2A5C00224036 /* notification */,
				2CED7833201A2A5C00224036 /* notificationTests */,
				2CED783E201A2A5C00224036 /* notificationUITests */,
				2CED781D201A2A5C00224036 /* Products */,
			);
			sourceTree = "<group>";
		};
		2CED781D201A2A5C00224036 /* Products */ = {
			isa = PBXGroup;
			children = (
				2CED781C201A2A5C00224036 /* notification.app */,
				2CED7830201A2A5C00224036 /* notificationTests.xctest */,
				2CED783B201A2A5C00224036 /* notificationUITests.xctest */,
			);
			name = Products;
			sourceTree = "<group>";
		};
		2CED781E201A2A5C00224036 /* notification */ = {
			isa = PBXGroup;
			children = (
				2CED781F201A2A5C00224036 /* AppDelegate.swift */,
				2CED7821201A2A5C00224036 /* ViewController.swift */,
				2CED7823201A2A5C00224036 /* Main.storyboard */,
				2CED7826201A2A5C00224036 /* Assets.xcassets */,
				2CED7828201A2A5C00224036 /* LaunchScreen.storyboard */,
				2CED782B201A2A5C00224036 /* Info.plist */,
			);
			path = notification;
			sourceTree = "<group>";
		};
		2CED7833201A2A5C00224036 /* notificationTests */ = {
			isa = PBXGroup;
			children = (
				2CED7834201A2A5C00224036 /* notificationTests.swift */,
				2CED7836201A2A5C00224036 /* Info.plist */,
			);
			path = notificationTests;
			sourceTree = "<group>";
		};
		2CED783E201A2A5C00224036 /* notificationUITests */ = {
			isa = PBXGroup;
			children = (
				2CED783F201A2A5C00224036 /* notificationUITests.swift */,
				2CED7841201A2A5C00224036 /* Info.plist */,
			);
			path = notificationUITests;
			sourceTree = "<group>";
		};
/* End PBXGroup section */

/* Begin PBXNativeTarget section */
		2CED781B201A2A5C00224036 /* notification */ = {
			isa = PBXNativeTarget;
			buildConfigurationList = 2CED7844201A2A5C00224036 /* Build configuration list for PBXNativeTarget "notification" */;
			buildPhases = (
				2CED7818201A2A5C00224036 /* Sources */,
				2CED7819201A2A5C00224036 /* Frameworks */,
				2CED781A201A2A5C00224036 /* Resources */,
			);
			buildRules = (
			);
			dependencies = (
			);
			name = notification;
			productName = notification;
			productReference = 2CED781C201A2A5C00224036 /* notification.app */;
			productType = "com.apple.product-type.application";
		};
		2CED782F201A2A5C00224036 /* notificationTests */ = {
			isa = PBXNativeTarget;
			buildConfigurationList = 2CED7847201A2A5C00224036 /* Build configuration list for PBXNativeTarget "notificationTests" */;
			buildPhases = (
				2CED782C201A2A5C00224036 /* Sources */,
				2CED782D201A2A5C00224036 /* Frameworks */,
				2CED782E201A2A5C00224036 /* Resources */,
			);
			buildRules = (
			);
			dependencies = (
				2CED7832201A2A5C00224036 /* PBXTargetDependency */,
			);
			name = notificationTests;
			productName = notificationTests;
			productReference = 2CED7830201A2A5C00224036 /* notificationTests.xctest */;
			productType = "com.apple.product-type.bundle.unit-test";
		};
		2CED783A201A2A5C00224036 /* notificationUITests */ = {
			isa = PBXNativeTarget;
			buildConfigurationList = 2CED784A201A2A5C00224036 /* Build configuration list for PBXNativeTarget "notificationUITests" */;
			buildPhases = (
				2CED7837201A2A5C00224036 /* Sources */,
				2CED7838201A2A5C00224036 /* Frameworks */,
				2CED7839201A2A5C00224036 /* Resources */,
			);
			buildRules = (
			);
			dependencies = (
				2CED783D201A2A5C00224036 /* PBXTargetDependency */,
			);
			name = notificationUITests;
			productName = notificationUITests;
			productReference = 2CED783B201A2A5C00224036 /* notificationUITests.xctest */;
			productType = "com.apple.product-type.bundle.ui-testing";
		};
/* End PBXNativeTarget section */

/* Begin PBXProject section */
		2CED7814201A2A5B00224036 /* Project object */ = {
			isa = PBXProject;
			attributes = {
				LastSwiftUpdateCheck = 0920;
				LastUpgradeCheck = 0920;
				ORGANIZATIONNAME = "Rosanna Malvone";
				TargetAttributes = {
					2CED781B201A2A5C00224036 = {
						CreatedOnToolsVersion = 9.2;
						ProvisioningStyle = Automatic;
					};
					2CED782F201A2A5C00224036 = {
						CreatedOnToolsVersion = 9.2;
						ProvisioningStyle = Automatic;
						TestTargetID = 2CED781B201A2A5C00224036;
					};
					2CED783A201A2A5C00224036 = {
						CreatedOnToolsVersion = 9.2;
						ProvisioningStyle = Automatic;
						TestTargetID = 2CED781B201A2A5C00224036;
					};
				};
			};
			buildConfigurationList = 2CED7817201A2A5B00224036 /* Build configuration list for PBXProject "notification" */;
			compatibilityVersion = "Xcode 8.0";
			developmentRegion = en;
			hasScannedForEncodings = 0;
			knownRegions = (
				en,
				Base,
			);
			mainGroup = 2CED7813201A2A5B00224036;
			productRefGroup = 2CED781D201A2A5C00224036 /* Products */;
			projectDirPath = "";
			projectRoot = "";
			targets = (
				2CED781B201A2A5C00224036 /* notification */,
				2CED782F201A2A5C00224036 /* notificationTests */,
				2CED783A201A2A5C00224036 /* notificationUITests */,
			);
		};
/* End PBXProject section */

/* Begin PBXResourcesBuildPhase section */
		2CED781A201A2A5C00224036 /* Resources */ = {
			isa = PBXResourcesBuildPhase;
			buildActionMask = 2147483647;
			files = (
				2CED782A201A2A5C00224036 /* LaunchScreen.storyboard in Resources */,
				2CED7827201A2A5C00224036 /* Assets.xcassets in Resources */,
				2CED7825201A2A5C00224036 /* Main.storyboard in Resources */,
			);
			runOnlyForDeploymentPostprocessing = 0;
		};
		2CED782E201A2A5C00224036 /* Resources */ = {
			isa = PBXResourcesBuildPhase;
			buildActionMask = 2147483647;
			files = (
			);
			runOnlyForDeploymentPostprocessing = 0;
		};
		2CED7839201A2A5C00224036 /* Resources */ = {
			isa = PBXResourcesBuildPhase;
			buildActionMask = 2147483647;
			files = (
			);
			runOnlyForDeploymentPostprocessing = 0;
		};
/* End PBXResourcesBuildPhase section */

/* Begin PBXSourcesBuildPhase section */
		2CED7818201A2A5C00224036 /* Sources */ = {
			isa = PBXSourcesBuildPhase;
			buildActionMask = 2147483647;
			files = (
				2CED7822201A2A5C00224036 /* ViewController.swift in Sources */,
				2CED7820201A2A5C00224036 /* AppDelegate.swift in Sources */,
			);
			runOnlyForDeploymentPostprocessing = 0;
		};
		2CED782C201A2A5C00224036 /* Sources */ = {
			isa = PBXSourcesBuildPhase;
			buildActionMask = 2147483647;
			files = (
				2CED7835201A2A5C00224036 /* notificationTests.swift in Sources */,
			);
			runOnlyForDeploymentPostprocessing = 0;
		};
		2CED7837201A2A5C00224036 /* Sources */ = {
			isa = PBXSourcesBuildPhase;
			buildActionMask = 2147483647;
			files = (
				2CED7840201A2A5C00224036 /* notificationUITests.swift in Sources */,
			);
			runOnlyForDeploymentPostprocessing = 0;
		};
/* End PBXSourcesBuildPhase section */

/* Begin PBXTargetDependency section */
		2CED7832201A2A5C00224036 /* PBXTargetDependency */ = {
			isa = PBXTargetDependency;
			target = 2CED781B201A2A5C00224036 /* notification */;
			targetProxy = 2CED7831201A2A5C00224036 /* PBXContainerItemProxy */;
		};
		2CED783D201A2A5C00224036 /* PBXTargetDependency */ = {
			isa = PBXTargetDependency;
			target = 2CED781B201A2A5C00224036 /* notification */;
			targetProxy = 2CED783C201A2A5C00224036 /* PBXContainerItemProxy */;
		};
/* End PBXTargetDependency section */

/* Begin PBXVariantGroup section */
		2CED7823201A2A5C00224036 /* Main.storyboard */ = {
			isa = PBXVariantGroup;
			children = (
				2CED7824201A2A5C00224036 /* Base */,
			);
			name = Main.storyboard;
			sourceTree = "<group>";
		};
		2CED7828201A2A5C00224036 /* LaunchScreen.storyboard */ = {
			isa = PBXVariantGroup;
			children = (
				2CED7829201A2A5C00224036 /* Base */,
			);
			name = LaunchScreen.storyboard;
			sourceTree = "<group>";
		};
/* End PBXVariantGroup section */

/* Begin XCBuildConfiguration section */
		2CED7842201A2A5C00224036 /* Debug */ = {
			isa = XCBuildConfiguration;
			buildSettings = {
				ALWAYS_SEARCH_USER_PATHS = NO;
				CLANG_ANALYZER_NONNULL = YES;
				CLANG_ANALYZER_NUMBER_OBJECT_CONVERSION = YES_AGGRESSIVE;
				CLANG_CXX_LANGUAGE_STANDARD = "gnu++14";
				CLANG_CXX_LIBRARY = "libc++";
				CLANG_ENABLE_MODULES = YES;
				CLANG_ENABLE_OBJC_ARC = YES;
				CLANG_WARN_BLOCK_CAPTURE_AUTORELEASING = YES;
				CLANG_WARN_BOOL_CONVERSION = YES;
				CLANG_WARN_COMMA = YES;
				CLANG_WARN_CONSTANT_CONVERSION = YES;
				CLANG_WARN_DIRECT_OBJC_ISA_USAGE = YES_ERROR;
				CLANG_WARN_DOCUMENTATION_COMMENTS = YES;
				CLANG_WARN_EMPTY_BODY = YES;
				CLANG_WARN_ENUM_CONVERSION = YES;
				CLANG_WARN_INFINITE_RECURSION = YES;
				CLANG_WARN_INT_CONVERSION = YES;
				CLANG_WARN_NON_LITERAL_NULL_CONVERSION = YES;
				CLANG_WARN_OBJC_LITERAL_CONVERSION = YES;
				CLANG_WARN_OBJC_ROOT_CLASS = YES_ERROR;
				CLANG_WARN_RANGE_LOOP_ANALYSIS = YES;
				CLANG_WARN_STRICT_PROTOTYPES = YES;
				CLANG_WARN_SUSPICIOUS_MOVE = YES;
				CLANG_WARN_UNGUARDED_AVAILABILITY = YES_AGGRESSIVE;
				CLANG_WARN_UNREACHABLE_CODE = YES;
				CLANG_WARN__DUPLICATE_METHOD_MATCH = YES;
				CODE_SIGN_IDENTITY = "iPhone Developer";
				COPY_PHASE_STRIP = NO;
				DEBUG_INFORMATION_FORMAT = dwarf;
				ENABLE_STRICT_OBJC_MSGSEND = YES;
				ENABLE_TESTABILITY = YES;
				GCC_C_LANGUAGE_STANDARD = gnu11;
				GCC_DYNAMIC_NO_PIC = NO;
				GCC_NO_COMMON_BLOCKS = YES;
				GCC_OPTIMIZATION_LEVEL = 0;
				GCC_PREPROCESSOR_DEFINITIONS = (
					"DEBUG=1",
					"$(inherited)",
				);
				GCC_WARN_64_TO_32_BIT_CONVERSION = YES;
				GCC_WARN_ABOUT_RETURN_TYPE = YES_ERROR;
				GCC_WARN_UNDECLARED_SELECTOR = YES;
				GCC_WARN_UNINITIALIZED_AUTOS = YES_AGGRESSIVE;
				GCC_WARN_UNUSED_FUNCTION = YES;
				GCC_WARN_UNUSED_VARIABLE = YES;
				IPHONEOS_DEPLOYMENT_TARGET = 11.2;
				MTL_ENABLE_DEBUG_INFO = YES;
				ONLY_ACTIVE_ARCH = YES;
				SDKROOT = iphoneos;
				SWIFT_ACTIVE_COMPILATION_CONDITIONS = DEBUG;
				SWIFT_OPTIMIZATION_LEVEL = "-Onone";
			};
			name = Debug;
		};
		2CED7843201A2A5C00224036 /* Release */ = {
			isa = XCBuildConfiguration;
			buildSettings = {
				ALWAYS_SEARCH_USER_PATHS = NO;
				CLANG_ANALYZER_NONNULL = YES;
				CLANG_ANALYZER_NUMBER_OBJECT_CONVERSION = YES_AGGRESSIVE;
				CLANG_CXX_LANGUAGE_STANDARD = "gnu++14";
				CLANG_CXX_LIBRARY = "libc++";
				CLANG_ENABLE_MODULES = YES;
				CLANG_ENABLE_OBJC_ARC = YES;
				CLANG_WARN_BLOCK_CAPTURE_AUTORELEASING = YES;
				CLANG_WARN_BOOL_CONVERSION = YES;
				CLANG_WARN_COMMA = YES;
				CLANG_WARN_CONSTANT_CONVERSION = YES;
				CLANG_WARN_DIRECT_OBJC_ISA_USAGE = YES_ERROR;
				CLANG_WARN_DOCUMENTATION_COMMENTS = YES;
				CLANG_WARN_EMPTY_BODY = YES;
				CLANG_WARN_ENUM_CONVERSION = YES;
				CLANG_WARN_INFINITE_RECURSION = YES;
				CLANG_WARN_INT_CONVERSION = YES;
				CLANG_WARN_NON_LITERAL_NULL_CONVERSION = YES;
				CLANG_WARN_OBJC_LITERAL_CONVERSION = YES;
				CLANG_WARN_OBJC_ROOT_CLASS = YES_ERROR;
				CLANG_WARN_RANGE_LOOP_ANALYSIS = YES;
				CLANG_WARN_STRICT_PROTOTYPES = YES;
				CLANG_WARN_SUSPICIOUS_MOVE = YES;
				CLANG_WARN_UNGUARDED_AVAILABILITY = YES_AGGRESSIVE;
				CLANG_WARN_UNREACHABLE_CODE = YES;
				CLANG_WARN__DUPLICATE_METHOD_MATCH = YES;
				CODE_SIGN_IDENTITY = "iPhone Developer";
				COPY_PHASE_STRIP = NO;
				DEBUG_INFORMATION_FORMAT = "dwarf-with-dsym";
				ENABLE_NS_ASSERTIONS = NO;
				ENABLE_STRICT_OBJC_MSGSEND = YES;
				GCC_C_LANGUAGE_STANDARD = gnu11;
				GCC_NO_COMMON_BLOCKS = YES;
				GCC_WARN_64_TO_32_BIT_CONVERSION = YES;
				GCC_WARN_ABOUT_RETURN_TYPE = YES_ERROR;
				GCC_WARN_UNDECLARED_SELECTOR = YES;
				GCC_WARN_UNINITIALIZED_AUTOS = YES_AGGRESSIVE;
				GCC_WARN_UNUSED_FUNCTION = YES;
				GCC_WARN_UNUSED_VARIABLE = YES;
				IPHONEOS_DEPLOYMENT_TARGET = 11.2;
				MTL_ENABLE_DEBUG_INFO = NO;
				SDKROOT = iphoneos;
				SWIFT_OPTIMIZATION_LEVEL = "-Owholemodule";
				VALIDATE_PRODUCT = YES;
			};
			name = Release;
		};
		2CED7845201A2A5C00224036 /* Debug */ = {
			isa = XCBuildConfiguration;
			buildSettings = {
				ASSETCATALOG_COMPILER_APPICON_NAME = AppIcon;
				CODE_SIGN_STYLE = Automatic;
				DEVELOPMENT_TEAM = RN85H9F5QP;
				INFOPLIST_FILE = notification/Info.plist;
				LD_RUNPATH_SEARCH_PATHS = "$(inherited) @executable_path/Frameworks";
				PRODUCT_BUNDLE_IDENTIFIER = isanny.notification;
				PRODUCT_NAME = "$(TARGET_NAME)";
				SWIFT_VERSION = 4.0;
				TARGETED_DEVICE_FAMILY = "1,2";
			};
			name = Debug;
		};
		2CED7846201A2A5C00224036 /* Release */ = {
			isa = XCBuildConfiguration;
			buildSettings = {
				ASSETCATALOG_COMPILER_APPICON_NAME = AppIcon;
				CODE_SIGN_STYLE = Automatic;
				DEVELOPMENT_TEAM = RN85H9F5QP;
				INFOPLIST_FILE = notification/Info.plist;
				LD_RUNPATH_SEARCH_PATHS = "$(inherited) @executable_path/Frameworks";
				PRODUCT_BUNDLE_IDENTIFIER = isanny.notification;
				PRODUCT_NAME = "$(TARGET_NAME)";
				SWIFT_VERSION = 4.0;
				TARGETED_DEVICE_FAMILY = "1,2";
			};
			name = Release;
		};
		2CED7848201A2A5C00224036 /* Debug */ = {
			isa = XCBuildConfiguration;
			buildSettings = {
				ALWAYS_EMBED_SWIFT_STANDARD_LIBRARIES = YES;
				BUNDLE_LOADER = "$(TEST_HOST)";
				CODE_SIGN_STYLE = Automatic;
				DEVELOPMENT_TEAM = RN85H9F5QP;
				INFOPLIST_FILE = notificationTests/Info.plist;
				LD_RUNPATH_SEARCH_PATHS = "$(inherited) @executable_path/Frameworks @loader_path/Frameworks";
				PRODUCT_BUNDLE_IDENTIFIER = isanny.notificationTests;
				PRODUCT_NAME = "$(TARGET_NAME)";
				SWIFT_VERSION = 4.0;
				TARGETED_DEVICE_FAMILY = "1,2";
				TEST_HOST = "$(BUILT_PRODUCTS_DIR)/notification.app/notification";
			};
			name = Debug;
		};
		2CED7849201A2A5C00224036 /* Release */ = {
			isa = XCBuildConfiguration;
			buildSettings = {
				ALWAYS_EMBED_SWIFT_STANDARD_LIBRARIES = YES;
				BUNDLE_LOADER = "$(TEST_HOST)";
				CODE_SIGN_STYLE = Automatic;
				DEVELOPMENT_TEAM = RN85H9F5QP;
				INFOPLIST_FILE = notificationTests/Info.plist;
				LD_RUNPATH_SEARCH_PATHS = "$(inherited) @executable_path/Frameworks @loader_path/Frameworks";
				PRODUCT_BUNDLE_IDENTIFIER = isanny.notificationTests;
				PRODUCT_NAME = "$(TARGET_NAME)";
				SWIFT_VERSION = 4.0;
				TARGETED_DEVICE_FAMILY = "1,2";
				TEST_HOST = "$(BUILT_PRODUCTS_DIR)/notification.app/notification";
			};
			name = Release;
		};
		2CED784B201A2A5C00224036 /* Debug */ = {
			isa = XCBuildConfiguration;
			buildSettings = {
				ALWAYS_EMBED_SWIFT_STANDARD_LIBRARIES = YES;
				CODE_SIGN_STYLE = Automatic;
				DEVELOPMENT_TEAM = RN85H9F5QP;
				INFOPLIST_FILE = notificationUITests/Info.plist;
				LD_RUNPATH_SEARCH_PATHS = "$(inherited) @executable_path/Frameworks @loader_path/Frameworks";
				PRODUCT_BUNDLE_IDENTIFIER = isanny.notificationUITests;
				PRODUCT_NAME = "$(TARGET_NAME)";
				SWIFT_VERSION = 4.0;
				TARGETED_DEVICE_FAMILY = "1,2";
				TEST_TARGET_NAME = notification;
			};
			name = Debug;
		};
		2CED784C201A2A5C00224036 /* Release */ = {
			isa = XCBuildConfiguration;
			buildSettings = {
				ALWAYS_EMBED_SWIFT_STANDARD_LIBRARIES = YES;
				CODE_SIGN_STYLE = Automatic;
				DEVELOPMENT_TEAM = RN85H9F5QP;
				INFOPLIST_FILE = notificationUITests/Info.plist;
				LD_RUNPATH_SEARCH_PATHS = "$(inherited) @executable_path/Frameworks @loader_path/Frameworks";
				PRODUCT_BUNDLE_IDENTIFIER = isanny.notificationUITests;
				PRODUCT_NAME = "$(TARGET_NAME)";
				SWIFT_VERSION = 4.0;
				TARGETED_DEVICE_FAMILY = "1,2";
				TEST_TARGET_NAME = notification;
			};
			name = Release;
		};
/* End XCBuildConfiguration section */

/* Begin XCConfigurationList section */
		2CED7817201A2A5B00224036 /* Build configuration list for PBXProject "notification" */ = {
			isa = XCConfigurationList;
			buildConfigurations = (
				2CED7842201A2A5C00224036 /* Debug */,
				2CED7843201A2A5C00224036 /* Release */,
			);
			defaultConfigurationIsVisible = 0;
			defaultConfigurationName = Release;
		};
		2CED7844201A2A5C00224036 /* Build configuration list for PBXNativeTarget "notification" */ = {
			isa = XCConfigurationList;
			buildConfigurations = (
				2CED7845201A2A5C00224036 /* Debug */,
				2CED7846201A2A5C00224036 /* Release */,
			);
			defaultConfigurationIsVisible = 0;
			defaultConfigurationName = Release;
		};
		2CED7847201A2A5C00224036 /* Build configuration list for PBXNativeTarget "notificationTests" */ = {
			isa = XCConfigurationList;
			buildConfigurations = (
				2CED7848201A2A5C00224036 /* Debug */,
				2CED7849201A2A5C00224036 /* Release */,
			);
			defaultConfigurationIsVisible = 0;
			defaultConfigurationName = Release;
		};
		2CED784A201A2A5C00224036 /* Build configuration list for PBXNativeTarget "notificationUITests" */ = {
			isa = XCConfigurationList;
			buildConfigurations = (
				2CED784B201A2A5C00224036 /* Debug */,
				2CED784C201A2A5C00224036 /* Release */,
			);
			defaultConfigurationIsVisible = 0;
			defaultConfigurationName = Release;
		};
/* End XCConfigurationList section */
	};
	rootObject = 2CED7814201A2A5B00224036 /* Project object */;
}
